
Microsoft Visual Studio Solution File, Format Version 12.00
# Visual Studio Version 17
VisualStudioVersion = 17.5.002.0
MinimumVisualStudioVersion = 10.0.40219.1
Project("{2150E333-8FDC-42A3-9474-1A3956D46DE8}") = "csharp-prep", "csharp-prep", "{534E60E7-5936-4D40-AE87-7C1D4F16EB5C}"
EndProject
Project("{9A19103F-16F7-4668-BE54-9A1E7A4F7556}") = "Prep1", "csharp-prep\Prep1\Prep1.csproj", "{473B7CC6-1F80-4B10-BBCA-F271855F5CF2}"
EndProject
Project("{9A19103F-16F7-4668-BE54-9A1E7A4F7556}") = "Prep2", "csharp-prep\Prep2\Prep2.csproj", "{F9D6D335-18C6-4D1D-9CDB-B00394EBFCD8}"
EndProject
Project("{9A19103F-16F7-4668-BE54-9A1E7A4F7556}") = "Prep3", "csharp-prep\Prep3\Prep3.csproj", "{E721E37C-14AC-4BB8-B3E6-0DB69B1A256C}"
EndProject
Project("{9A19103F-16F7-4668-BE54-9A1E7A4F7556}") = "Prep4", "csharp-prep\Prep4\Prep4.csproj", "{DD0A68C5-D1DA-4DE1-AE27-AA509660544C}"
EndProject
Project("{9A19103F-16F7-4668-BE54-9A1E7A4F7556}") = "Prep5", "csharp-prep\Prep5\Prep5.csproj", "{2E2DAC11-DC19-467F-A9F8-E98E44FCEA1C}"
EndProject
Project("{2150E333-8FDC-42A3-9474-1A3956D46DE8}") = "final", "final", "{C64B0C4B-F34C-48D0-9A3D-0FE7A4FE39E0}"
EndProject
Project("{9A19103F-16F7-4668-BE54-9A1E7A4F7556}") = "FinalProject", "final\FinalProject\FinalProject.csproj", "{7527CFA2-E959-4EA4-A810-EA4B2C35993C}"
EndProject
Project("{9A19103F-16F7-4668-BE54-9A1E7A4F7556}") = "Foundation1", "final\Foundation1\Foundation1.csproj", "{C7D2E561-2860-4146-BE47-5F3166557DF3}"
EndProject
Project("{9A19103F-16F7-4668-BE54-9A1E7A4F7556}") = "Foundation2", "final\Foundation2\Foundation2.csproj", "{49BF031B-6E1C-4D2B-9184-8871C8E59CD5}"
EndProject
Project("{9A19103F-16F7-4668-BE54-9A1E7A4F7556}") = "Foundation3", "final\Foundation3\Foundation3.csproj", "{97EF9159-1907-4224-8490-0D3ABBDABBFE}"
EndProject
Project("{9A19103F-16F7-4668-BE54-9A1E7A4F7556}") = "Foundation4", "final\Foundation4\Foundation4.csproj", "{24559B6B-F49D-405D-95F8-BBBF985AF8E1}"
EndProject
Project("{2150E333-8FDC-42A3-9474-1A3956D46DE8}") = "prepare", "prepare", "{45A8122F-13BA-4D35-8F47-29314BEF3E7A}"
EndProject
Project("{9A19103F-16F7-4668-BE54-9A1E7A4F7556}") = "Learning02", "prepare\Learning02\Learning02.csproj", "{185C3AED-734A-4A29-8EF7-320C29CC5FFD}"
EndProject
Project("{9A19103F-16F7-4668-BE54-9A1E7A4F7556}") = "Learning03", "prepare\Learning03\Learning03.csproj", "{627F7F38-324D-47DA-9F07-BCEEF2013E1B}"
EndProject
Project("{9A19103F-16F7-4668-BE54-9A1E7A4F7556}") = "Learning04", "prepare\Learning04\Learning04.csproj", "{85DC0239-2AA6-4663-9B3A-14D35E213B53}"
EndProject
Project("{9A19103F-16F7-4668-BE54-9A1E7A4F7556}") = "Learning05", "prepare\Learning05\Learning05.csproj", "{1CEE2AD9-9A2A-4A62-A842-13F369A37054}"
EndProject
Project("{2150E333-8FDC-42A3-9474-1A3956D46DE8}") = "prove", "prove", "{B4A1658D-8B47-4324-8C48-3A897077F486}"
EndProject
Project("{9A19103F-16F7-4668-BE54-9A1E7A4F7556}") = "Develop02", "prove\Develop02\Develop02.csproj", "{A1215A99-0B76-4EFA-A954-1399D870197E}"
EndProject
Project("{9A19103F-16F7-4668-BE54-9A1E7A4F7556}") = "Develop03", "prove\Develop03\Develop03.csproj", "{20BE9733-DCF5-423D-8587-6EE65C0FCA5B}"
EndProject
Project("{9A19103F-16F7-4668-BE54-9A1E7A4F7556}") = "Develop04", "prove\Develop04\Develop04.csproj", "{9E412D6E-9C9F-450D-A540-8A10E355D056}"
EndProject
Project("{9A19103F-16F7-4668-BE54-9A1E7A4F7556}") = "Develop05", "prove\Develop05\Develop05.csproj", "{EFCD8A9B-7196-4AA3-9DAF-11AB8B2A1F52}"
EndProject
Project("{2150E333-8FDC-42A3-9474-1A3956D46DE8}") = "sandbox", "sandbox", "{5605635C-DD2B-4B88-8290-4330228B7FCB}"
EndProject
Project("{9A19103F-16F7-4668-BE54-9A1E7A4F7556}") = "Sandbox", "sandbox\Sandbox\Sandbox.csproj", "{D79E5FC1-2ABD-4DC5-B723-325627C9FD1C}"
EndProject
Global
	GlobalSection(SolutionConfigurationPlatforms) = preSolution
		Debug|Any CPU = Debug|Any CPU
		Release|Any CPU = Release|Any CPU
	EndGlobalSection
	GlobalSection(ProjectConfigurationPlatforms) = postSolution
		{473B7CC6-1F80-4B10-BBCA-F271855F5CF2}.Debug|Any CPU.ActiveCfg = Debug|Any CPU
		{473B7CC6-1F80-4B10-BBCA-F271855F5CF2}.Debug|Any CPU.Build.0 = Debug|Any CPU
		{473B7CC6-1F80-4B10-BBCA-F271855F5CF2}.Release|Any CPU.ActiveCfg = Release|Any CPU
		{473B7CC6-1F80-4B10-BBCA-F271855F5CF2}.Release|Any CPU.Build.0 = Release|Any CPU
		{F9D6D335-18C6-4D1D-9CDB-B00394EBFCD8}.Debug|Any CPU.ActiveCfg = Debug|Any CPU
		{F9D6D335-18C6-4D1D-9CDB-B00394EBFCD8}.Debug|Any CPU.Build.0 = Debug|Any CPU
		{F9D6D335-18C6-4D1D-9CDB-B00394EBFCD8}.Release|Any CPU.ActiveCfg = Release|Any CPU
		{F9D6D335-18C6-4D1D-9CDB-B00394EBFCD8}.Release|Any CPU.Build.0 = Release|Any CPU
		{E721E37C-14AC-4BB8-B3E6-0DB69B1A256C}.Debug|Any CPU.ActiveCfg = Debug|Any CPU
		{E721E37C-14AC-4BB8-B3E6-0DB69B1A256C}.Debug|Any CPU.Build.0 = Debug|Any CPU
		{E721E37C-14AC-4BB8-B3E6-0DB69B1A256C}.Release|Any CPU.ActiveCfg = Release|Any CPU
		{E721E37C-14AC-4BB8-B3E6-0DB69B1A256C}.Release|Any CPU.Build.0 = Release|Any CPU
		{DD0A68C5-D1DA-4DE1-AE27-AA509660544C}.Debug|Any CPU.ActiveCfg = Debug|Any CPU
		{DD0A68C5-D1DA-4DE1-AE27-AA509660544C}.Debug|Any CPU.Build.0 = Debug|Any CPU
		{DD0A68C5-D1DA-4DE1-AE27-AA509660544C}.Release|Any CPU.ActiveCfg = Release|Any CPU
		{DD0A68C5-D1DA-4DE1-AE27-AA509660544C}.Release|Any CPU.Build.0 = Release|Any CPU
		{2E2DAC11-DC19-467F-A9F8-E98E44FCEA1C}.Debug|Any CPU.ActiveCfg = Debug|Any CPU
		{2E2DAC11-DC19-467F-A9F8-E98E44FCEA1C}.Debug|Any CPU.Build.0 = Debug|Any CPU
		{2E2DAC11-DC19-467F-A9F8-E98E44FCEA1C}.Release|Any CPU.ActiveCfg = Release|Any CPU
		{2E2DAC11-DC19-467F-A9F8-E98E44FCEA1C}.Release|Any CPU.Build.0 = Release|Any CPU
		{7527CFA2-E959-4EA4-A810-EA4B2C35993C}.Debug|Any CPU.ActiveCfg = Debug|Any CPU
		{7527CFA2-E959-4EA4-A810-EA4B2C35993C}.Debug|Any CPU.Build.0 = Debug|Any CPU
		{7527CFA2-E959-4EA4-A810-EA4B2C35993C}.Release|Any CPU.ActiveCfg = Release|Any CPU
		{7527CFA2-E959-4EA4-A810-EA4B2C35993C}.Release|Any CPU.Build.0 = Release|Any CPU
		{C7D2E561-2860-4146-BE47-5F3166557DF3}.Debug|Any CPU.ActiveCfg = Debug|Any CPU
		{C7D2E561-2860-4146-BE47-5F3166557DF3}.Debug|Any CPU.Build.0 = Debug|Any CPU
		{C7D2E561-2860-4146-BE47-5F3166557DF3}.Release|Any CPU.ActiveCfg = Release|Any CPU
		{C7D2E561-2860-4146-BE47-5F3166557DF3}.Release|Any CPU.Build.0 = Release|Any CPU
		{49BF031B-6E1C-4D2B-9184-8871C8E59CD5}.Debug|Any CPU.ActiveCfg = Debug|Any CPU
		{49BF031B-6E1C-4D2B-9184-8871C8E59CD5}.Debug|Any CPU.Build.0 = Debug|Any CPU
		{49BF031B-6E1C-4D2B-9184-8871C8E59CD5}.Release|Any CPU.ActiveCfg = Release|Any CPU
		{49BF031B-6E1C-4D2B-9184-8871C8E59CD5}.Release|Any CPU.Build.0 = Release|Any CPU
		{97EF9159-1907-4224-8490-0D3ABBDABBFE}.Debug|Any CPU.ActiveCfg = Debug|Any CPU
		{97EF9159-1907-4224-8490-0D3ABBDABBFE}.Debug|Any CPU.Build.0 = Debug|Any CPU
		{97EF9159-1907-4224-8490-0D3ABBDABBFE}.Release|Any CPU.ActiveCfg = Release|Any CPU
		{97EF9159-1907-4224-8490-0D3ABBDABBFE}.Release|Any CPU.Build.0 = Release|Any CPU
		{24559B6B-F49D-405D-95F8-BBBF985AF8E1}.Debug|Any CPU.ActiveCfg = Debug|Any CPU
		{24559B6B-F49D-405D-95F8-BBBF985AF8E1}.Debug|Any CPU.Build.0 = Debug|Any CPU
		{24559B6B-F49D-405D-95F8-BBBF985AF8E1}.Release|Any CPU.ActiveCfg = Release|Any CPU
		{24559B6B-F49D-405D-95F8-BBBF985AF8E1}.Release|Any CPU.Build.0 = Release|Any CPU
		{185C3AED-734A-4A29-8EF7-320C29CC5FFD}.Debug|Any CPU.ActiveCfg = Debug|Any CPU
		{185C3AED-734A-4A29-8EF7-320C29CC5FFD}.Debug|Any CPU.Build.0 = Debug|Any CPU
		{185C3AED-734A-4A29-8EF7-320C29CC5FFD}.Release|Any CPU.ActiveCfg = Release|Any CPU
		{185C3AED-734A-4A29-8EF7-320C29CC5FFD}.Release|Any CPU.Build.0 = Release|Any CPU
		{627F7F38-324D-47DA-9F07-BCEEF2013E1B}.Debug|Any CPU.ActiveCfg = Debug|Any CPU
		{627F7F38-324D-47DA-9F07-BCEEF2013E1B}.Debug|Any CPU.Build.0 = Debug|Any CPU
		{627F7F38-324D-47DA-9F07-BCEEF2013E1B}.Release|Any CPU.ActiveCfg = Release|Any CPU
		{627F7F38-324D-47DA-9F07-BCEEF2013E1B}.Release|Any CPU.Build.0 = Release|Any CPU
		{85DC0239-2AA6-4663-9B3A-14D35E213B53}.Debug|Any CPU.ActiveCfg = Debug|Any CPU
		{85DC0239-2AA6-4663-9B3A-14D35E213B53}.Debug|Any CPU.Build.0 = Debug|Any CPU
		{85DC0239-2AA6-4663-9B3A-14D35E213B53}.Release|Any CPU.ActiveCfg = Release|Any CPU
		{85DC0239-2AA6-4663-9B3A-14D35E213B53}.Release|Any CPU.Build.0 = Release|Any CPU
		{1CEE2AD9-9A2A-4A62-A842-13F369A37054}.Debug|Any CPU.ActiveCfg = Debug|Any CPU
		{1CEE2AD9-9A2A-4A62-A842-13F369A37054}.Debug|Any CPU.Build.0 = Debug|Any CPU
		{1CEE2AD9-9A2A-4A62-A842-13F369A37054}.Release|Any CPU.ActiveCfg = Release|Any CPU
		{1CEE2AD9-9A2A-4A62-A842-13F369A37054}.Release|Any CPU.Build.0 = Release|Any CPU
		{A1215A99-0B76-4EFA-A954-1399D870197E}.Debug|Any CPU.ActiveCfg = Debug|Any CPU
		{A1215A99-0B76-4EFA-A954-1399D870197E}.Debug|Any CPU.Build.0 = Debug|Any CPU
		{A1215A99-0B76-4EFA-A954-1399D870197E}.Release|Any CPU.ActiveCfg = Release|Any CPU
		{A1215A99-0B76-4EFA-A954-1399D870197E}.Release|Any CPU.Build.0 = Release|Any CPU
		{20BE9733-DCF5-423D-8587-6EE65C0FCA5B}.Debug|Any CPU.ActiveCfg = Debug|Any CPU
		{20BE9733-DCF5-423D-8587-6EE65C0FCA5B}.Debug|Any CPU.Build.0 = Debug|Any CPU
		{20BE9733-DCF5-423D-8587-6EE65C0FCA5B}.Release|Any CPU.ActiveCfg = Release|Any CPU
		{20BE9733-DCF5-423D-8587-6EE65C0FCA5B}.Release|Any CPU.Build.0 = Release|Any CPU
		{9E412D6E-9C9F-450D-A540-8A10E355D056}.Debug|Any CPU.ActiveCfg = Debug|Any CPU
		{9E412D6E-9C9F-450D-A540-8A10E355D056}.Debug|Any CPU.Build.0 = Debug|Any CPU
		{9E412D6E-9C9F-450D-A540-8A10E355D056}.Release|Any CPU.ActiveCfg = Release|Any CPU
		{9E412D6E-9C9F-450D-A540-8A10E355D056}.Release|Any CPU.Build.0 = Release|Any CPU
		{EFCD8A9B-7196-4AA3-9DAF-11AB8B2A1F52}.Debug|Any CPU.ActiveCfg = Debug|Any CPU
		{EFCD8A9B-7196-4AA3-9DAF-11AB8B2A1F52}.Debug|Any CPU.Build.0 = Debug|Any CPU
		{EFCD8A9B-7196-4AA3-9DAF-11AB8B2A1F52}.Release|Any CPU.ActiveCfg = Release|Any CPU
		{EFCD8A9B-7196-4AA3-9DAF-11AB8B2A1F52}.Release|Any CPU.Build.0 = Release|Any CPU
		{D79E5FC1-2ABD-4DC5-B723-325627C9FD1C}.Debug|Any CPU.ActiveCfg = Debug|Any CPU
		{D79E5FC1-2ABD-4DC5-B723-325627C9FD1C}.Debug|Any CPU.Build.0 = Debug|Any CPU
		{D79E5FC1-2ABD-4DC5-B723-325627C9FD1C}.Release|Any CPU.ActiveCfg = Release|Any CPU
		{D79E5FC1-2ABD-4DC5-B723-325627C9FD1C}.Release|Any CPU.Build.0 = Release|Any CPU
	EndGlobalSection
	GlobalSection(SolutionProperties) = preSolution
		HideSolutionNode = FALSE
	EndGlobalSection
	GlobalSection(NestedProjects) = preSolution
		{473B7CC6-1F80-4B10-BBCA-F271855F5CF2} = {534E60E7-5936-4D40-AE87-7C1D4F16EB5C}
		{F9D6D335-18C6-4D1D-9CDB-B00394EBFCD8} = {534E60E7-5936-4D40-AE87-7C1D4F16EB5C}
		{E721E37C-14AC-4BB8-B3E6-0DB69B1A256C} = {534E60E7-5936-4D40-AE87-7C1D4F16EB5C}
		{DD0A68C5-D1DA-4DE1-AE27-AA509660544C} = {534E60E7-5936-4D40-AE87-7C1D4F16EB5C}
		{2E2DAC11-DC19-467F-A9F8-E98E44FCEA1C} = {534E60E7-5936-4D40-AE87-7C1D4F16EB5C}
		{7527CFA2-E959-4EA4-A810-EA4B2C35993C} = {C64B0C4B-F34C-48D0-9A3D-0FE7A4FE39E0}
		{C7D2E561-2860-4146-BE47-5F3166557DF3} = {C64B0C4B-F34C-48D0-9A3D-0FE7A4FE39E0}
		{49BF031B-6E1C-4D2B-9184-8871C8E59CD5} = {C64B0C4B-F34C-48D0-9A3D-0FE7A4FE39E0}
		{97EF9159-1907-4224-8490-0D3ABBDABBFE} = {C64B0C4B-F34C-48D0-9A3D-0FE7A4FE39E0}
		{24559B6B-F49D-405D-95F8-BBBF985AF8E1} = {C64B0C4B-F34C-48D0-9A3D-0FE7A4FE39E0}
		{185C3AED-734A-4A29-8EF7-320C29CC5FFD} = {45A8122F-13BA-4D35-8F47-29314BEF3E7A}
		{627F7F38-324D-47DA-9F07-BCEEF2013E1B} = {45A8122F-13BA-4D35-8F47-29314BEF3E7A}
		{85DC0239-2AA6-4663-9B3A-14D35E213B53} = {45A8122F-13BA-4D35-8F47-29314BEF3E7A}
		{1CEE2AD9-9A2A-4A62-A842-13F369A37054} = {45A8122F-13BA-4D35-8F47-29314BEF3E7A}
		{A1215A99-0B76-4EFA-A954-1399D870197E} = {B4A1658D-8B47-4324-8C48-3A897077F486}
		{20BE9733-DCF5-423D-8587-6EE65C0FCA5B} = {B4A1658D-8B47-4324-8C48-3A897077F486}
		{9E412D6E-9C9F-450D-A540-8A10E355D056} = {B4A1658D-8B47-4324-8C48-3A897077F486}
		{EFCD8A9B-7196-4AA3-9DAF-11AB8B2A1F52} = {B4A1658D-8B47-4324-8C48-3A897077F486}
		{D79E5FC1-2ABD-4DC5-B723-325627C9FD1C} = {5605635C-DD2B-4B88-8290-4330228B7FCB}
	EndGlobalSection
	GlobalSection(ExtensibilityGlobals) = postSolution
		SolutionGuid = {ACAF45C6-3451-4E44-9DDA-88FB680FAD89}
	EndGlobalSection
EndGlobal
